
Microsoft Visual Studio Solution File, Format Version 12.00
# Visual Studio Version 17
VisualStudioVersion = 17.0.31717.71
MinimumVisualStudioVersion = 10.0.40219.1
Project("{2150E333-8FDC-42A3-9474-1A3956D46DE8}") = "src", "src", "{87BB5EE6-7562-42B2-8884-D67FF6B67D1A}"
EndProject
Project("{2150E333-8FDC-42A3-9474-1A3956D46DE8}") = ".repo", ".repo", "{008D6D51-CBDC-4184-A07E-92EF94F6C41D}"
	ProjectSection(SolutionItems) = preProject
		.editorconfig = .editorconfig
		.gitignore = .gitignore
		Directory.Build.props = Directory.Build.props
	EndProjectSection
EndProject
Project("{9A19103F-16F7-4668-BE54-9A1E7A4F7556}") = "Microsoft.Kubernetes.Core", "src\Core\Microsoft.Kubernetes.Core.csproj", "{0F011EDC-9509-4BCD-A2AA-E0B66D01E2A3}"
EndProject
Project("{9A19103F-16F7-4668-BE54-9A1E7A4F7556}") = "Microsoft.Kubernetes.Controller", "src\Controller\Microsoft.Kubernetes.Controller.csproj", "{CCD1FA85-EED5-4AC5-8DD8-494EA64A89C4}"
EndProject
Project("{2150E333-8FDC-42A3-9474-1A3956D46DE8}") = "test", "test", "{E9D07574-869A-44F9-95B0-B8AE6E676A78}"
EndProject
Project("{9A19103F-16F7-4668-BE54-9A1E7A4F7556}") = "Microsoft.Kubernetes.UnitTests", "test\UnitTests\Microsoft.Kubernetes.UnitTests.csproj", "{01846565-5E9E-48FF-BE39-5E8FAD76C7D4}"
EndProject
Project("{9A19103F-16F7-4668-BE54-9A1E7A4F7556}") = "Microsoft.Kubernetes.CustomResources", "src\CustomResource\Microsoft.Kubernetes.CustomResources.csproj", "{BF82AC45-28F9-4979-AC87-EBA546139342}"
EndProject
Project("{2150E333-8FDC-42A3-9474-1A3956D46DE8}") = "examples", "examples", "{D7125EDC-8C4E-4EDD-8587-98D7DB7DBD0E}"
EndProject
Project("{9A19103F-16F7-4668-BE54-9A1E7A4F7556}") = "BasicOperator", "examples\BasicOperator\BasicOperator.csproj", "{703BF81E-3266-4679-AD95-BD614C2557AE}"
EndProject
Project("{9A19103F-16F7-4668-BE54-9A1E7A4F7556}") = "Microsoft.Kubernetes.Operator", "src\Operator\Microsoft.Kubernetes.Operator.csproj", "{3AEA3DEE-B9E7-46F0-AC47-D9943CF839C6}"
EndProject
Global
	GlobalSection(SolutionConfigurationPlatforms) = preSolution
		Debug|Any CPU = Debug|Any CPU
		Release|Any CPU = Release|Any CPU
	EndGlobalSection
	GlobalSection(ProjectConfigurationPlatforms) = postSolution
		{0F011EDC-9509-4BCD-A2AA-E0B66D01E2A3}.Debug|Any CPU.ActiveCfg = Debug|Any CPU
		{0F011EDC-9509-4BCD-A2AA-E0B66D01E2A3}.Debug|Any CPU.Build.0 = Debug|Any CPU
		{0F011EDC-9509-4BCD-A2AA-E0B66D01E2A3}.Release|Any CPU.ActiveCfg = Release|Any CPU
		{0F011EDC-9509-4BCD-A2AA-E0B66D01E2A3}.Release|Any CPU.Build.0 = Release|Any CPU
		{CCD1FA85-EED5-4AC5-8DD8-494EA64A89C4}.Debug|Any CPU.ActiveCfg = Debug|Any CPU
		{CCD1FA85-EED5-4AC5-8DD8-494EA64A89C4}.Debug|Any CPU.Build.0 = Debug|Any CPU
		{CCD1FA85-EED5-4AC5-8DD8-494EA64A89C4}.Release|Any CPU.ActiveCfg = Release|Any CPU
		{CCD1FA85-EED5-4AC5-8DD8-494EA64A89C4}.Release|Any CPU.Build.0 = Release|Any CPU
		{01846565-5E9E-48FF-BE39-5E8FAD76C7D4}.Debug|Any CPU.ActiveCfg = Debug|Any CPU
		{01846565-5E9E-48FF-BE39-5E8FAD76C7D4}.Debug|Any CPU.Build.0 = Debug|Any CPU
		{01846565-5E9E-48FF-BE39-5E8FAD76C7D4}.Release|Any CPU.ActiveCfg = Release|Any CPU
		{01846565-5E9E-48FF-BE39-5E8FAD76C7D4}.Release|Any CPU.Build.0 = Release|Any CPU
		{BF82AC45-28F9-4979-AC87-EBA546139342}.Debug|Any CPU.ActiveCfg = Debug|Any CPU
		{BF82AC45-28F9-4979-AC87-EBA546139342}.Debug|Any CPU.Build.0 = Debug|Any CPU
		{BF82AC45-28F9-4979-AC87-EBA546139342}.Release|Any CPU.ActiveCfg = Release|Any CPU
		{BF82AC45-28F9-4979-AC87-EBA546139342}.Release|Any CPU.Build.0 = Release|Any CPU
		{703BF81E-3266-4679-AD95-BD614C2557AE}.Debug|Any CPU.ActiveCfg = Debug|Any CPU
		{703BF81E-3266-4679-AD95-BD614C2557AE}.Debug|Any CPU.Build.0 = Debug|Any CPU
		{703BF81E-3266-4679-AD95-BD614C2557AE}.Release|Any CPU.ActiveCfg = Release|Any CPU
		{703BF81E-3266-4679-AD95-BD614C2557AE}.Release|Any CPU.Build.0 = Release|Any CPU
		{3AEA3DEE-B9E7-46F0-AC47-D9943CF839C6}.Debug|Any CPU.ActiveCfg = Debug|Any CPU
		{3AEA3DEE-B9E7-46F0-AC47-D9943CF839C6}.Debug|Any CPU.Build.0 = Debug|Any CPU
		{3AEA3DEE-B9E7-46F0-AC47-D9943CF839C6}.Release|Any CPU.ActiveCfg = Release|Any CPU
		{3AEA3DEE-B9E7-46F0-AC47-D9943CF839C6}.Release|Any CPU.Build.0 = Release|Any CPU
	EndGlobalSection
	GlobalSection(SolutionProperties) = preSolution
		HideSolutionNode = FALSE
	EndGlobalSection
	GlobalSection(NestedProjects) = preSolution
		{0F011EDC-9509-4BCD-A2AA-E0B66D01E2A3} = {87BB5EE6-7562-42B2-8884-D67FF6B67D1A}
		{CCD1FA85-EED5-4AC5-8DD8-494EA64A89C4} = {87BB5EE6-7562-42B2-8884-D67FF6B67D1A}
		{01846565-5E9E-48FF-BE39-5E8FAD76C7D4} = {E9D07574-869A-44F9-95B0-B8AE6E676A78}
		{BF82AC45-28F9-4979-AC87-EBA546139342} = {87BB5EE6-7562-42B2-8884-D67FF6B67D1A}
		{703BF81E-3266-4679-AD95-BD614C2557AE} = {D7125EDC-8C4E-4EDD-8587-98D7DB7DBD0E}
		{3AEA3DEE-B9E7-46F0-AC47-D9943CF839C6} = {87BB5EE6-7562-42B2-8884-D67FF6B67D1A}
	EndGlobalSection
	GlobalSection(ExtensibilityGlobals) = postSolution
		SolutionGuid = {A2ABD90C-F0EF-423C-85EB-4CE0AC12A616}
	EndGlobalSection
EndGlobal
